
Microsoft Visual Studio Solution File, Format Version 12.00
# Visual Studio Version 17
VisualStudioVersion = 17.7.34202.233
MinimumVisualStudioVersion = 10.0.40219.1
Project("{9A19103F-16F7-4668-BE54-9A1E7A4F7556}") = "API", "API\API.csproj", "{68F135F0-0128-4E21-9B12-5B794B3C86A8}"
EndProject
Project("{2150E333-8FDC-42A3-9474-1A3956D46DE8}") = "Infrastructure", "Infrastructure", "{96FA310F-3993-477F-AF8A-8CFCD76AD9B1}"
EndProject
Project("{9A19103F-16F7-4668-BE54-9A1E7A4F7556}") = "HealthcareManagementSystem.Infrastructure", "Infrastructure\HealthcareManagementSystem.Infrastructure\HealthcareManagementSystem.Infrastructure.csproj", "{46A64F9A-50C3-45CD-BB04-90AA1F76852A}"
EndProject
Project("{2150E333-8FDC-42A3-9474-1A3956D46DE8}") = "Core", "Core", "{BADFCD94-81AC-41F9-964A-D960D008ACBB}"
EndProject
Project("{2150E333-8FDC-42A3-9474-1A3956D46DE8}") = "Application", "Application", "{AA563F5B-20E7-4B40-8E3D-7DEE43FB4CBA}"
EndProject
Project("{9A19103F-16F7-4668-BE54-9A1E7A4F7556}") = "HealthcareManagementSystem.Application", "Core\Application\HealthcareManagementSystem.Application\HealthcareManagementSystem.Application.csproj", "{2688D642-0C39-47D3-811E-247555B1ECED}"
EndProject
Project("{2150E333-8FDC-42A3-9474-1A3956D46DE8}") = "Domain", "Domain", "{4C175324-5547-4E75-A0F6-7F8F09062857}"
EndProject
Project("{9A19103F-16F7-4668-BE54-9A1E7A4F7556}") = "HealthcareManagementSystem.Domain", "Core\Domain\HealthcareManagementSystem.Domain\HealthcareManagementSystem.Domain.csproj", "{51CDB6B3-0E87-4635-9FC0-49289E733FA4}"
EndProject
Project("{9A19103F-16F7-4668-BE54-9A1E7A4F7556}") = "HealthcareManagementSystem.Identity", "Infrastructure\HealthcareManagementSystem.Identity\HealthcareManagementSystem.Identity.csproj", "{46ED4352-AFDB-43F3-AA08-2FC4F10547C9}"
EndProject
Project("{2150E333-8FDC-42A3-9474-1A3956D46DE8}") = "UI", "UI", "{CD0DDF87-35E9-4BF6-95EA-51EACEF34500}"
EndProject
Project("{9A19103F-16F7-4668-BE54-9A1E7A4F7556}") = "HealthcareManagementSystem.App", "HealthcareManagementSystem.App\HealthcareManagementSystem.App.csproj", "{3C981FC0-1D36-4484-9632-66702DB857BC}"
EndProject
Project("{2150E333-8FDC-42A3-9474-1A3956D46DE8}") = "tests", "tests", "{A24EC682-C455-477A-8C78-633E459A0E96}"
EndProject
Project("{9A19103F-16F7-4668-BE54-9A1E7A4F7556}") = "HealthcareManagementSystem.Domain.Tests", "Tests\HealthcareManagementSystem.Domain.Tests\HealthcareManagementSystem.Domain.Tests.csproj", "{3D08E0DA-647F-445E-ADE1-9B9D43A8DAA1}"
EndProject
Project("{9A19103F-16F7-4668-BE54-9A1E7A4F7556}") = "HealthcareManagementSystem.Application.Tests", "Tests\HealthcareManagementSystem.Application.Tests\HealthcareManagementSystem.Application.Tests.csproj", "{A102C77A-E436-4E76-96C1-75DF8213C52B}"
EndProject
Project("{9A19103F-16F7-4668-BE54-9A1E7A4F7556}") = "HealthcareManagementSystem.API.IntegrationTests", "HealthcareManagementSystem.API.IntegrationTests\HealthcareManagementSystem.API.IntegrationTests.csproj", "{1645A065-41E3-4E96-80D3-163C6BE1D624}"
EndProject
Global
	GlobalSection(SolutionConfigurationPlatforms) = preSolution
		Debug|Any CPU = Debug|Any CPU
		Release|Any CPU = Release|Any CPU
	EndGlobalSection
	GlobalSection(ProjectConfigurationPlatforms) = postSolution
		{68F135F0-0128-4E21-9B12-5B794B3C86A8}.Debug|Any CPU.ActiveCfg = Debug|Any CPU
		{68F135F0-0128-4E21-9B12-5B794B3C86A8}.Debug|Any CPU.Build.0 = Debug|Any CPU
		{68F135F0-0128-4E21-9B12-5B794B3C86A8}.Release|Any CPU.ActiveCfg = Release|Any CPU
		{68F135F0-0128-4E21-9B12-5B794B3C86A8}.Release|Any CPU.Build.0 = Release|Any CPU
		{46A64F9A-50C3-45CD-BB04-90AA1F76852A}.Debug|Any CPU.ActiveCfg = Debug|Any CPU
		{46A64F9A-50C3-45CD-BB04-90AA1F76852A}.Debug|Any CPU.Build.0 = Debug|Any CPU
		{46A64F9A-50C3-45CD-BB04-90AA1F76852A}.Release|Any CPU.ActiveCfg = Release|Any CPU
		{46A64F9A-50C3-45CD-BB04-90AA1F76852A}.Release|Any CPU.Build.0 = Release|Any CPU
		{2688D642-0C39-47D3-811E-247555B1ECED}.Debug|Any CPU.ActiveCfg = Debug|Any CPU
		{2688D642-0C39-47D3-811E-247555B1ECED}.Debug|Any CPU.Build.0 = Debug|Any CPU
		{2688D642-0C39-47D3-811E-247555B1ECED}.Release|Any CPU.ActiveCfg = Release|Any CPU
		{2688D642-0C39-47D3-811E-247555B1ECED}.Release|Any CPU.Build.0 = Release|Any CPU
		{51CDB6B3-0E87-4635-9FC0-49289E733FA4}.Debug|Any CPU.ActiveCfg = Debug|Any CPU
		{51CDB6B3-0E87-4635-9FC0-49289E733FA4}.Debug|Any CPU.Build.0 = Debug|Any CPU
		{51CDB6B3-0E87-4635-9FC0-49289E733FA4}.Release|Any CPU.ActiveCfg = Release|Any CPU
		{51CDB6B3-0E87-4635-9FC0-49289E733FA4}.Release|Any CPU.Build.0 = Release|Any CPU
		{46ED4352-AFDB-43F3-AA08-2FC4F10547C9}.Debug|Any CPU.ActiveCfg = Debug|Any CPU
		{46ED4352-AFDB-43F3-AA08-2FC4F10547C9}.Debug|Any CPU.Build.0 = Debug|Any CPU
		{46ED4352-AFDB-43F3-AA08-2FC4F10547C9}.Release|Any CPU.ActiveCfg = Release|Any CPU
		{46ED4352-AFDB-43F3-AA08-2FC4F10547C9}.Release|Any CPU.Build.0 = Release|Any CPU
		{3C981FC0-1D36-4484-9632-66702DB857BC}.Debug|Any CPU.ActiveCfg = Debug|Any CPU
		{3C981FC0-1D36-4484-9632-66702DB857BC}.Debug|Any CPU.Build.0 = Debug|Any CPU
		{3C981FC0-1D36-4484-9632-66702DB857BC}.Release|Any CPU.ActiveCfg = Release|Any CPU
		{3C981FC0-1D36-4484-9632-66702DB857BC}.Release|Any CPU.Build.0 = Release|Any CPU
		{3D08E0DA-647F-445E-ADE1-9B9D43A8DAA1}.Debug|Any CPU.ActiveCfg = Debug|Any CPU
		{3D08E0DA-647F-445E-ADE1-9B9D43A8DAA1}.Debug|Any CPU.Build.0 = Debug|Any CPU
		{3D08E0DA-647F-445E-ADE1-9B9D43A8DAA1}.Release|Any CPU.ActiveCfg = Release|Any CPU
		{3D08E0DA-647F-445E-ADE1-9B9D43A8DAA1}.Release|Any CPU.Build.0 = Release|Any CPU
		{A102C77A-E436-4E76-96C1-75DF8213C52B}.Debug|Any CPU.ActiveCfg = Debug|Any CPU
		{A102C77A-E436-4E76-96C1-75DF8213C52B}.Debug|Any CPU.Build.0 = Debug|Any CPU
		{A102C77A-E436-4E76-96C1-75DF8213C52B}.Release|Any CPU.ActiveCfg = Release|Any CPU
		{A102C77A-E436-4E76-96C1-75DF8213C52B}.Release|Any CPU.Build.0 = Release|Any CPU
		{1645A065-41E3-4E96-80D3-163C6BE1D624}.Debug|Any CPU.ActiveCfg = Debug|Any CPU
		{1645A065-41E3-4E96-80D3-163C6BE1D624}.Debug|Any CPU.Build.0 = Debug|Any CPU
		{1645A065-41E3-4E96-80D3-163C6BE1D624}.Release|Any CPU.ActiveCfg = Release|Any CPU
		{1645A065-41E3-4E96-80D3-163C6BE1D624}.Release|Any CPU.Build.0 = Release|Any CPU
	EndGlobalSection
	GlobalSection(SolutionProperties) = preSolution
		HideSolutionNode = FALSE
	EndGlobalSection
	GlobalSection(NestedProjects) = preSolution
		{46A64F9A-50C3-45CD-BB04-90AA1F76852A} = {96FA310F-3993-477F-AF8A-8CFCD76AD9B1}
		{AA563F5B-20E7-4B40-8E3D-7DEE43FB4CBA} = {BADFCD94-81AC-41F9-964A-D960D008ACBB}
		{2688D642-0C39-47D3-811E-247555B1ECED} = {AA563F5B-20E7-4B40-8E3D-7DEE43FB4CBA}
		{4C175324-5547-4E75-A0F6-7F8F09062857} = {BADFCD94-81AC-41F9-964A-D960D008ACBB}
		{51CDB6B3-0E87-4635-9FC0-49289E733FA4} = {4C175324-5547-4E75-A0F6-7F8F09062857}
		{46ED4352-AFDB-43F3-AA08-2FC4F10547C9} = {96FA310F-3993-477F-AF8A-8CFCD76AD9B1}
	EndGlobalSection
	GlobalSection(ExtensibilityGlobals) = postSolution
		SolutionGuid = {18796020-F763-4BE7-A42F-34E367B04BAF}
	EndGlobalSection
EndGlobal
